
Microsoft Visual Studio Solution File, Format Version 12.00
# Visual Studio Version 17
VisualStudioVersion = 17.14.36401.2
MinimumVisualStudioVersion = 10.0.40219.1
Project("{FAE04EC0-301F-11D3-BF4B-00C04F79EFBC}") = "ClassLibrary1", "ClassLibrary1\ClassLibrary1.csproj", "{4448CCCD-CCC8-4228-9101-29C6C4FF0FF3}"
EndProject
Project("{FAE04EC0-301F-11D3-BF4B-00C04F79EFBC}") = "BlazorApp1", "BlazorApp1\BlazorApp1.csproj", "{27AA71F8-D3F7-4929-B091-DE4BEF5F0FA3}"
EndProject
Global
	GlobalSection(SolutionConfigurationPlatforms) = preSolution
		Debug|Any CPU = Debug|Any CPU
		Release|Any CPU = Release|Any CPU
	EndGlobalSection
	GlobalSection(ProjectConfigurationPlatforms) = postSolution
		{4448CCCD-CCC8-4228-9101-29C6C4FF0FF3}.Debug|Any CPU.ActiveCfg = Debug|Any CPU
		{4448CCCD-CCC8-4228-9101-29C6C4FF0FF3}.Debug|Any CPU.Build.0 = Debug|Any CPU
		{4448CCCD-CCC8-4228-9101-29C6C4FF0FF3}.Release|Any CPU.ActiveCfg = Release|Any CPU
		{4448CCCD-CCC8-4228-9101-29C6C4FF0FF3}.Release|Any CPU.Build.0 = Release|Any CPU
		{27AA71F8-D3F7-4929-B091-DE4BEF5F0FA3}.Debug|Any CPU.ActiveCfg = Debug|Any CPU
		{27AA71F8-D3F7-4929-B091-DE4BEF5F0FA3}.Debug|Any CPU.Build.0 = Debug|Any CPU
		{27AA71F8-D3F7-4929-B091-DE4BEF5F0FA3}.Release|Any CPU.ActiveCfg = Release|Any CPU
		{27AA71F8-D3F7-4929-B091-DE4BEF5F0FA3}.Release|Any CPU.Build.0 = Release|Any CPU
	EndGlobalSection
	GlobalSection(SolutionProperties) = preSolution
		HideSolutionNode = FALSE
	EndGlobalSection
	GlobalSection(ExtensibilityGlobals) = postSolution
		SolutionGuid = {0A849581-3C9D-4A38-9E89-A0E4ACABC31F}
	EndGlobalSection
EndGlobal
